name: brainscore_core_env
channels:
  - defaults
  - conda-forge
dependencies:
  - python=3.11.9
  - numpy=1.26.4
  - tqdm=4.66.4
  - psutil=5.9.8
  - pip:
      - fire==0.6.0
      - peewee==3.17.5
      - pybtex==0.24.0
      - requests==2.32.2
      - brainio @ git+https://github.com/brain-score/brainio.git@main

  # Test dependencies
  - pip:
      - pytest==8.2.1
      - pytest-check==2.3.1
      - pytest-mock==3.14.0
      - requests-mock==1.11.0
